
Microsoft Visual Studio Solution File, Format Version 12.00
# Visual Studio Version 17
VisualStudioVersion = 17.8.34601.278
MinimumVisualStudioVersion = 10.0.40219.1
Project("{9A19103F-16F7-4668-BE54-9A1E7A4F7556}") = "Capstone", "Capstone.csproj", "{A0E4EC85-6D64-47F9-BB3D-05321A129FAD}"
EndProject
Global
	GlobalSection(SolutionConfigurationPlatforms) = preSolution
		Debug|Any CPU = Debug|Any CPU
		Release|Any CPU = Release|Any CPU
	EndGlobalSection
	GlobalSection(ProjectConfigurationPlatforms) = postSolution
		{A0E4EC85-6D64-47F9-BB3D-05321A129FAD}.Debug|Any CPU.ActiveCfg = Debug|Any CPU
		{A0E4EC85-6D64-47F9-BB3D-05321A129FAD}.Debug|Any CPU.Build.0 = Debug|Any CPU
		{A0E4EC85-6D64-47F9-BB3D-05321A129FAD}.Release|Any CPU.ActiveCfg = Release|Any CPU
		{A0E4EC85-6D64-47F9-BB3D-05321A129FAD}.Release|Any CPU.Build.0 = Release|Any CPU
	EndGlobalSection
	GlobalSection(SolutionProperties) = preSolution
		HideSolutionNode = FALSE
	EndGlobalSection
	GlobalSection(ExtensibilityGlobals) = postSolution
		SolutionGuid = {6F8C7C18-69C8-4955-9530-9F6278470E79}
	EndGlobalSection
EndGlobal
